
Microsoft Visual Studio Solution File, Format Version 12.00
# Visual Studio Version 17
VisualStudioVersion = 17.9.34622.214
MinimumVisualStudioVersion = 10.0.40219.1
Project("{9A19103F-16F7-4668-BE54-9A1E7A4F7556}") = "TakeJobOffer.API", "TakeJobOffer.API\TakeJobOffer.API.csproj", "{A8997DFF-974F-4B41-9EBD-3364747A56B0}"
	ProjectSection(ProjectDependencies) = postProject
		{B91E71BE-3A28-4B85-9C8F-95B80A937651} = {B91E71BE-3A28-4B85-9C8F-95B80A937651}
		{E32029E5-717C-44F8-A670-A0B50286B332} = {E32029E5-717C-44F8-A670-A0B50286B332}
	EndProjectSection
EndProject
Project("{9A19103F-16F7-4668-BE54-9A1E7A4F7556}") = "TakeJobOffer.Domain", "TakeJobOffer.Domain\TakeJobOffer.Domain.csproj", "{B91E71BE-3A28-4B85-9C8F-95B80A937651}"
EndProject
Project("{9A19103F-16F7-4668-BE54-9A1E7A4F7556}") = "TakeJobOffer.DAL", "TakeJobOffer.DAL\TakeJobOffer.DAL.csproj", "{E32029E5-717C-44F8-A670-A0B50286B332}"
	ProjectSection(ProjectDependencies) = postProject
		{B91E71BE-3A28-4B85-9C8F-95B80A937651} = {B91E71BE-3A28-4B85-9C8F-95B80A937651}
	EndProjectSection
EndProject
Project("{E53339B2-1760-4266-BCC7-CA923CBCF16C}") = "docker-compose", "docker-compose.dcproj", "{B4066E1A-2589-441D-BFA3-D71EDF37E765}"
EndProject
Project("{9A19103F-16F7-4668-BE54-9A1E7A4F7556}") = "TakeJobOffer.Application", "TakeJobOffer.Application\TakeJobOffer.Application.csproj", "{866960DF-B651-4AFC-924B-EE0C0E262832}"
EndProject
Project("{FAE04EC0-301F-11D3-BF4B-00C04F79EFBC}") = "TakeJobOffer.Tests", "..\TakeJobOffer.Tests\TakeJobOffer.Tests.csproj", "{D7369771-3070-4AEB-8313-4E57B1D0713F}"
	ProjectSection(ProjectDependencies) = postProject
		{866960DF-B651-4AFC-924B-EE0C0E262832} = {866960DF-B651-4AFC-924B-EE0C0E262832}
		{E32029E5-717C-44F8-A670-A0B50286B332} = {E32029E5-717C-44F8-A670-A0B50286B332}
	EndProjectSection
EndProject
Global
	GlobalSection(SolutionConfigurationPlatforms) = preSolution
		Debug|Any CPU = Debug|Any CPU
		Release|Any CPU = Release|Any CPU
	EndGlobalSection
	GlobalSection(ProjectConfigurationPlatforms) = postSolution
		{A8997DFF-974F-4B41-9EBD-3364747A56B0}.Debug|Any CPU.ActiveCfg = Debug|Any CPU
		{A8997DFF-974F-4B41-9EBD-3364747A56B0}.Debug|Any CPU.Build.0 = Debug|Any CPU
		{A8997DFF-974F-4B41-9EBD-3364747A56B0}.Release|Any CPU.ActiveCfg = Release|Any CPU
		{A8997DFF-974F-4B41-9EBD-3364747A56B0}.Release|Any CPU.Build.0 = Release|Any CPU
		{B91E71BE-3A28-4B85-9C8F-95B80A937651}.Debug|Any CPU.ActiveCfg = Debug|Any CPU
		{B91E71BE-3A28-4B85-9C8F-95B80A937651}.Debug|Any CPU.Build.0 = Debug|Any CPU
		{B91E71BE-3A28-4B85-9C8F-95B80A937651}.Release|Any CPU.ActiveCfg = Release|Any CPU
		{B91E71BE-3A28-4B85-9C8F-95B80A937651}.Release|Any CPU.Build.0 = Release|Any CPU
		{E32029E5-717C-44F8-A670-A0B50286B332}.Debug|Any CPU.ActiveCfg = Debug|Any CPU
		{E32029E5-717C-44F8-A670-A0B50286B332}.Debug|Any CPU.Build.0 = Debug|Any CPU
		{E32029E5-717C-44F8-A670-A0B50286B332}.Release|Any CPU.ActiveCfg = Release|Any CPU
		{E32029E5-717C-44F8-A670-A0B50286B332}.Release|Any CPU.Build.0 = Release|Any CPU
		{B4066E1A-2589-441D-BFA3-D71EDF37E765}.Debug|Any CPU.ActiveCfg = Debug|Any CPU
		{B4066E1A-2589-441D-BFA3-D71EDF37E765}.Release|Any CPU.ActiveCfg = Release|Any CPU
		{B4066E1A-2589-441D-BFA3-D71EDF37E765}.Release|Any CPU.Build.0 = Release|Any CPU
		{866960DF-B651-4AFC-924B-EE0C0E262832}.Debug|Any CPU.ActiveCfg = Debug|Any CPU
		{866960DF-B651-4AFC-924B-EE0C0E262832}.Debug|Any CPU.Build.0 = Debug|Any CPU
		{866960DF-B651-4AFC-924B-EE0C0E262832}.Release|Any CPU.ActiveCfg = Release|Any CPU
		{866960DF-B651-4AFC-924B-EE0C0E262832}.Release|Any CPU.Build.0 = Release|Any CPU
		{D7369771-3070-4AEB-8313-4E57B1D0713F}.Debug|Any CPU.ActiveCfg = Debug|Any CPU
		{D7369771-3070-4AEB-8313-4E57B1D0713F}.Debug|Any CPU.Build.0 = Debug|Any CPU
		{D7369771-3070-4AEB-8313-4E57B1D0713F}.Release|Any CPU.ActiveCfg = Release|Any CPU
		{D7369771-3070-4AEB-8313-4E57B1D0713F}.Release|Any CPU.Build.0 = Release|Any CPU
	EndGlobalSection
	GlobalSection(SolutionProperties) = preSolution
		HideSolutionNode = FALSE
	EndGlobalSection
	GlobalSection(ExtensibilityGlobals) = postSolution
		SolutionGuid = {25F000F1-717E-439F-AF8B-EE7DACFA092B}
	EndGlobalSection
EndGlobal
